// !$*UTF8*$!
{
	archiveVersion = 1;
	classes = {
	};
	objectVersion = 52;
	objects = {

/* Begin PBXBuildFile section */
		DC0C3716242512D4009C6CD7 /* DailyReportParser.swift in Sources */ = {isa = PBXBuildFile; fileRef = DC0C3715242512D4009C6CD7 /* DailyReportParser.swift */; };
		DC43279F242A21AC004A2822 /* DailyReportStructure.swift in Sources */ = {isa = PBXBuildFile; fileRef = DC43279E242A21AC004A2822 /* DailyReportStructure.swift */; };
		DC840DBB241E796D003B155B /* DailyReport.swift in Sources */ = {isa = PBXBuildFile; fileRef = DC840DBA241E796D003B155B /* DailyReport.swift */; };
		DC8B7F892452F4B0007176AE /* StatsTimeSeriesViewModel.swift in Sources */ = {isa = PBXBuildFile; fileRef = DC8B7F882452F4B0007176AE /* StatsTimeSeriesViewModel.swift */; };
		DC8B7F8B2452F7C6007176AE /* StatsTimeSeriesRowViewModel.swift in Sources */ = {isa = PBXBuildFile; fileRef = DC8B7F8A2452F7C6007176AE /* StatsTimeSeriesRowViewModel.swift */; };
		DC8B7F8D2452F91A007176AE /* StatsTimeSeriesRow.swift in Sources */ = {isa = PBXBuildFile; fileRef = DC8B7F8C2452F91A007176AE /* StatsTimeSeriesRow.swift */; };
		DC8B7F8F2452FC5F007176AE /* StastDailyReportBuilder.swift in Sources */ = {isa = PBXBuildFile; fileRef = DC8B7F8E2452FC5F007176AE /* StastDailyReportBuilder.swift */; };
		DC8B7F9624530DC7007176AE /* ViewModels+Preview.swift in Sources */ = {isa = PBXBuildFile; fileRef = DC8B7F9524530DC7007176AE /* ViewModels+Preview.swift */; };
		DC8B7F9824530EFC007176AE /* Models+Preview.swift in Sources */ = {isa = PBXBuildFile; fileRef = DC8B7F9724530EFC007176AE /* Models+Preview.swift */; };
		DC8B7F9A24530FEE007176AE /* Sequence+Extensions.swift in Sources */ = {isa = PBXBuildFile; fileRef = DC8B7F9924530FEE007176AE /* Sequence+Extensions.swift */; };
		DC8B7F9C245324D8007176AE /* StatsFetcherError.swift in Sources */ = {isa = PBXBuildFile; fileRef = DC8B7F9B245324D8007176AE /* StatsFetcherError.swift */; };
		DC8B7F9F24533B64007176AE /* ActivityIndicator.swift in Sources */ = {isa = PBXBuildFile; fileRef = DC8B7F9E24533B64007176AE /* ActivityIndicator.swift */; };
		DC9B6D62241FF0120076C832 /* Date+Extensions.swift in Sources */ = {isa = PBXBuildFile; fileRef = DC9B6D61241FF0120076C832 /* Date+Extensions.swift */; };
		DCA2ABD9242659EC000C9156 /* SwiftCSV in Frameworks */ = {isa = PBXBuildFile; productRef = DCA2ABD8242659EC000C9156 /* SwiftCSV */; };
		DCC473822452DD5F002F2314 /* StatsDailyReportView.swift in Sources */ = {isa = PBXBuildFile; fileRef = DCC473812452DD5F002F2314 /* StatsDailyReportView.swift */; };
		DCC473842452DD97002F2314 /* StatsDailyReportRow.swift in Sources */ = {isa = PBXBuildFile; fileRef = DCC473832452DD97002F2314 /* StatsDailyReportRow.swift */; };
		DCC473862452DDF7002F2314 /* StatsDailyReportViewModel.swift in Sources */ = {isa = PBXBuildFile; fileRef = DCC473852452DDF7002F2314 /* StatsDailyReportViewModel.swift */; };
		DCC473882452DE34002F2314 /* StatsDailyReportRowViewModel.swift in Sources */ = {isa = PBXBuildFile; fileRef = DCC473872452DE34002F2314 /* StatsDailyReportRowViewModel.swift */; };
		DCC4738B2452E75F002F2314 /* StatsFetcher.swift in Sources */ = {isa = PBXBuildFile; fileRef = DCC4738A2452E75F002F2314 /* StatsFetcher.swift */; };
		DCC4738E2452EED4002F2314 /* StatsTimeSeriesView.swift in Sources */ = {isa = PBXBuildFile; fileRef = DCC4738D2452EED4002F2314 /* StatsTimeSeriesView.swift */; };
		DCC70E682455E68E00995453 /* SwiftFlags in Frameworks */ = {isa = PBXBuildFile; productRef = DCC70E672455E68E00995453 /* SwiftFlags */; };
		DCD03EB32458023B0057C566 /* SearchBar.swift in Sources */ = {isa = PBXBuildFile; fileRef = DCD03EB22458023B0057C566 /* SearchBar.swift */; };
		DCD03EB8245854A40057C566 /* Int+Extensions.swift in Sources */ = {isa = PBXBuildFile; fileRef = DCD03EB7245854A40057C566 /* Int+Extensions.swift */; };
		DCE4638E241D57EB00B8940D /* AppDelegate.swift in Sources */ = {isa = PBXBuildFile; fileRef = DCE4638D241D57EB00B8940D /* AppDelegate.swift */; };
		DCE46390241D57EB00B8940D /* SceneDelegate.swift in Sources */ = {isa = PBXBuildFile; fileRef = DCE4638F241D57EB00B8940D /* SceneDelegate.swift */; };
		DCE46394241D57EF00B8940D /* Assets.xcassets in Resources */ = {isa = PBXBuildFile; fileRef = DCE46393241D57EF00B8940D /* Assets.xcassets */; };
		DCE46397241D57EF00B8940D /* Preview Assets.xcassets in Resources */ = {isa = PBXBuildFile; fileRef = DCE46396241D57EF00B8940D /* Preview Assets.xcassets */; };
		DCE4639A241D57EF00B8940D /* LaunchScreen.storyboard in Resources */ = {isa = PBXBuildFile; fileRef = DCE46398241D57EF00B8940D /* LaunchScreen.storyboard */; };
		DCE8FD7624262ADA00A164E6 /* TimeSeries.swift in Sources */ = {isa = PBXBuildFile; fileRef = DCE8FD7524262ADA00A164E6 /* TimeSeries.swift */; };
		DCE8FD7824262F5C00A164E6 /* TimeSeriesParser.swift in Sources */ = {isa = PBXBuildFile; fileRef = DCE8FD7724262F5C00A164E6 /* TimeSeriesParser.swift */; };
		DCFF89BF245742A800309AE3 /* Constants.swift in Sources */ = {isa = PBXBuildFile; fileRef = DCFF89BE245742A800309AE3 /* Constants.swift */; };
/* End PBXBuildFile section */

/* Begin PBXFileReference section */
		DC0AF4EF2424115B0040FEF3 /* README.md */ = {isa = PBXFileReference; lastKnownFileType = net.daringfireball.markdown; path = README.md; sourceTree = "<group>"; };
		DC0C3715242512D4009C6CD7 /* DailyReportParser.swift */ = {isa = PBXFileReference; lastKnownFileType = sourcecode.swift; path = DailyReportParser.swift; sourceTree = "<group>"; };
		DC43279E242A21AC004A2822 /* DailyReportStructure.swift */ = {isa = PBXFileReference; lastKnownFileType = sourcecode.swift; path = DailyReportStructure.swift; sourceTree = "<group>"; };
		DC840DBA241E796D003B155B /* DailyReport.swift */ = {isa = PBXFileReference; lastKnownFileType = sourcecode.swift; path = DailyReport.swift; sourceTree = "<group>"; };
		DC8B7F882452F4B0007176AE /* StatsTimeSeriesViewModel.swift */ = {isa = PBXFileReference; lastKnownFileType = sourcecode.swift; path = StatsTimeSeriesViewModel.swift; sourceTree = "<group>"; };
		DC8B7F8A2452F7C6007176AE /* StatsTimeSeriesRowViewModel.swift */ = {isa = PBXFileReference; lastKnownFileType = sourcecode.swift; path = StatsTimeSeriesRowViewModel.swift; sourceTree = "<group>"; };
		DC8B7F8C2452F91A007176AE /* StatsTimeSeriesRow.swift */ = {isa = PBXFileReference; lastKnownFileType = sourcecode.swift; path = StatsTimeSeriesRow.swift; sourceTree = "<group>"; };
		DC8B7F8E2452FC5F007176AE /* StastDailyReportBuilder.swift */ = {isa = PBXFileReference; lastKnownFileType = sourcecode.swift; path = StastDailyReportBuilder.swift; sourceTree = "<group>"; };
		DC8B7F9524530DC7007176AE /* ViewModels+Preview.swift */ = {isa = PBXFileReference; lastKnownFileType = sourcecode.swift; path = "ViewModels+Preview.swift"; sourceTree = "<group>"; };
		DC8B7F9724530EFC007176AE /* Models+Preview.swift */ = {isa = PBXFileReference; lastKnownFileType = sourcecode.swift; path = "Models+Preview.swift"; sourceTree = "<group>"; };
		DC8B7F9924530FEE007176AE /* Sequence+Extensions.swift */ = {isa = PBXFileReference; lastKnownFileType = sourcecode.swift; path = "Sequence+Extensions.swift"; sourceTree = "<group>"; };
		DC8B7F9B245324D8007176AE /* StatsFetcherError.swift */ = {isa = PBXFileReference; lastKnownFileType = sourcecode.swift; path = StatsFetcherError.swift; sourceTree = "<group>"; };
		DC8B7F9E24533B64007176AE /* ActivityIndicator.swift */ = {isa = PBXFileReference; lastKnownFileType = sourcecode.swift; path = ActivityIndicator.swift; sourceTree = "<group>"; };
		DC9B6D61241FF0120076C832 /* Date+Extensions.swift */ = {isa = PBXFileReference; lastKnownFileType = sourcecode.swift; path = "Date+Extensions.swift"; sourceTree = "<group>"; };
		DCC473812452DD5F002F2314 /* StatsDailyReportView.swift */ = {isa = PBXFileReference; lastKnownFileType = sourcecode.swift; path = StatsDailyReportView.swift; sourceTree = "<group>"; };
		DCC473832452DD97002F2314 /* StatsDailyReportRow.swift */ = {isa = PBXFileReference; lastKnownFileType = sourcecode.swift; path = StatsDailyReportRow.swift; sourceTree = "<group>"; };
		DCC473852452DDF7002F2314 /* StatsDailyReportViewModel.swift */ = {isa = PBXFileReference; lastKnownFileType = sourcecode.swift; path = StatsDailyReportViewModel.swift; sourceTree = "<group>"; };
		DCC473872452DE34002F2314 /* StatsDailyReportRowViewModel.swift */ = {isa = PBXFileReference; lastKnownFileType = sourcecode.swift; path = StatsDailyReportRowViewModel.swift; sourceTree = "<group>"; };
		DCC4738A2452E75F002F2314 /* StatsFetcher.swift */ = {isa = PBXFileReference; lastKnownFileType = sourcecode.swift; path = StatsFetcher.swift; sourceTree = "<group>"; };
		DCC4738D2452EED4002F2314 /* StatsTimeSeriesView.swift */ = {isa = PBXFileReference; lastKnownFileType = sourcecode.swift; path = StatsTimeSeriesView.swift; sourceTree = "<group>"; };
		DCD03EB22458023B0057C566 /* SearchBar.swift */ = {isa = PBXFileReference; lastKnownFileType = sourcecode.swift; path = SearchBar.swift; sourceTree = "<group>"; };
		DCD03EB7245854A40057C566 /* Int+Extensions.swift */ = {isa = PBXFileReference; lastKnownFileType = sourcecode.swift; path = "Int+Extensions.swift"; sourceTree = "<group>"; };
		DCE4638A241D57EB00B8940D /* COVID-19.app */ = {isa = PBXFileReference; explicitFileType = wrapper.application; includeInIndex = 0; path = "COVID-19.app"; sourceTree = BUILT_PRODUCTS_DIR; };
		DCE4638D241D57EB00B8940D /* AppDelegate.swift */ = {isa = PBXFileReference; lastKnownFileType = sourcecode.swift; path = AppDelegate.swift; sourceTree = "<group>"; };
		DCE4638F241D57EB00B8940D /* SceneDelegate.swift */ = {isa = PBXFileReference; lastKnownFileType = sourcecode.swift; path = SceneDelegate.swift; sourceTree = "<group>"; };
		DCE46393241D57EF00B8940D /* Assets.xcassets */ = {isa = PBXFileReference; lastKnownFileType = folder.assetcatalog; path = Assets.xcassets; sourceTree = "<group>"; };
		DCE46396241D57EF00B8940D /* Preview Assets.xcassets */ = {isa = PBXFileReference; lastKnownFileType = folder.assetcatalog; path = "Preview Assets.xcassets"; sourceTree = "<group>"; };
		DCE46399241D57EF00B8940D /* Base */ = {isa = PBXFileReference; lastKnownFileType = file.storyboard; name = Base; path = Base.lproj/LaunchScreen.storyboard; sourceTree = "<group>"; };
		DCE4639B241D57EF00B8940D /* Info.plist */ = {isa = PBXFileReference; lastKnownFileType = text.plist.xml; path = Info.plist; sourceTree = "<group>"; };
		DCE8FD7524262ADA00A164E6 /* TimeSeries.swift */ = {isa = PBXFileReference; lastKnownFileType = sourcecode.swift; path = TimeSeries.swift; sourceTree = "<group>"; };
		DCE8FD7724262F5C00A164E6 /* TimeSeriesParser.swift */ = {isa = PBXFileReference; lastKnownFileType = sourcecode.swift; path = TimeSeriesParser.swift; sourceTree = "<group>"; };
		DCFF89BE245742A800309AE3 /* Constants.swift */ = {isa = PBXFileReference; lastKnownFileType = sourcecode.swift; path = Constants.swift; sourceTree = "<group>"; };
/* End PBXFileReference section */

/* Begin PBXFrameworksBuildPhase section */
		DCE46387241D57EB00B8940D /* Frameworks */ = {
			isa = PBXFrameworksBuildPhase;
			buildActionMask = 2147483647;
			files = (
				DCC70E682455E68E00995453 /* SwiftFlags in Frameworks */,
				DCA2ABD9242659EC000C9156 /* SwiftCSV in Frameworks */,
			);
			runOnlyForDeploymentPostprocessing = 0;
		};
/* End PBXFrameworksBuildPhase section */

/* Begin PBXGroup section */
		DC8B7F9024530251007176AE /* Utilities */ = {
			isa = PBXGroup;
			children = (
				DCFF89BE245742A800309AE3 /* Constants.swift */,
				DC8B7F9D24533B58007176AE /* UIKit Views */,
				DC8B7F9424530DB6007176AE /* Previews */,
				DC8B7F922453026A007176AE /* Parsing */,
				DC8B7F912453025D007176AE /* Extensions */,
			);
			path = Utilities;
			sourceTree = "<group>";
		};
		DC8B7F912453025D007176AE /* Extensions */ = {
			isa = PBXGroup;
			children = (
				DC9B6D61241FF0120076C832 /* Date+Extensions.swift */,
				DC8B7F9924530FEE007176AE /* Sequence+Extensions.swift */,
				DCD03EB7245854A40057C566 /* Int+Extensions.swift */,
			);
			path = Extensions;
			sourceTree = "<group>";
		};
		DC8B7F922453026A007176AE /* Parsing */ = {
			isa = PBXGroup;
			children = (
				DC0C3715242512D4009C6CD7 /* DailyReportParser.swift */,
				DC43279E242A21AC004A2822 /* DailyReportStructure.swift */,
				DCE8FD7724262F5C00A164E6 /* TimeSeriesParser.swift */,
			);
			path = Parsing;
			sourceTree = "<group>";
		};
		DC8B7F9424530DB6007176AE /* Previews */ = {
			isa = PBXGroup;
			children = (
				DC8B7F9524530DC7007176AE /* ViewModels+Preview.swift */,
				DC8B7F9724530EFC007176AE /* Models+Preview.swift */,
			);
			path = Previews;
			sourceTree = "<group>";
		};
		DC8B7F9D24533B58007176AE /* UIKit Views */ = {
			isa = PBXGroup;
			children = (
				DC8B7F9E24533B64007176AE /* ActivityIndicator.swift */,
				DCD03EB22458023B0057C566 /* SearchBar.swift */,
			);
			path = "UIKit Views";
			sourceTree = "<group>";
		};
		DCC4737F2452DD30002F2314 /* Stats */ = {
			isa = PBXGroup;
			children = (
				DCC473802452DD39002F2314 /* DailyReport */,
				DCC4738C2452EE9F002F2314 /* TimeSeries */,
				DCC473892452E731002F2314 /* StatsAPI */,
			);
			path = Stats;
			sourceTree = "<group>";
		};
		DCC473802452DD39002F2314 /* DailyReport */ = {
			isa = PBXGroup;
			children = (
				DCC473812452DD5F002F2314 /* StatsDailyReportView.swift */,
				DCC473852452DDF7002F2314 /* StatsDailyReportViewModel.swift */,
				DC8B7F8E2452FC5F007176AE /* StastDailyReportBuilder.swift */,
				DCC473832452DD97002F2314 /* StatsDailyReportRow.swift */,
				DCC473872452DE34002F2314 /* StatsDailyReportRowViewModel.swift */,
			);
			path = DailyReport;
			sourceTree = "<group>";
		};
		DCC473892452E731002F2314 /* StatsAPI */ = {
			isa = PBXGroup;
			children = (
				DCC4738A2452E75F002F2314 /* StatsFetcher.swift */,
				DC8B7F9B245324D8007176AE /* StatsFetcherError.swift */,
			);
			path = StatsAPI;
			sourceTree = "<group>";
		};
		DCC4738C2452EE9F002F2314 /* TimeSeries */ = {
			isa = PBXGroup;
			children = (
				DCC4738D2452EED4002F2314 /* StatsTimeSeriesView.swift */,
				DC8B7F882452F4B0007176AE /* StatsTimeSeriesViewModel.swift */,
				DC8B7F8C2452F91A007176AE /* StatsTimeSeriesRow.swift */,
				DC8B7F8A2452F7C6007176AE /* StatsTimeSeriesRowViewModel.swift */,
			);
			path = TimeSeries;
			sourceTree = "<group>";
		};
		DCE46381241D57EB00B8940D = {
			isa = PBXGroup;
			children = (
				DC0AF4EF2424115B0040FEF3 /* README.md */,
				DCE4638C241D57EB00B8940D /* COVID-19 Stats */,
				DCE4638B241D57EB00B8940D /* Products */,
			);
			indentWidth = 3;
			sourceTree = "<group>";
			tabWidth = 3;
		};
		DCE4638B241D57EB00B8940D /* Products */ = {
			isa = PBXGroup;
			children = (
				DCE4638A241D57EB00B8940D /* COVID-19.app */,
			);
			name = Products;
			sourceTree = "<group>";
		};
		DCE4638C241D57EB00B8940D /* COVID-19 Stats */ = {
			isa = PBXGroup;
			children = (
				DCE463A1241D57F800B8940D /* Models */,
				DC8B7F9024530251007176AE /* Utilities */,
				DCC4737F2452DD30002F2314 /* Stats */,
				DCE4638D241D57EB00B8940D /* AppDelegate.swift */,
				DCE4638F241D57EB00B8940D /* SceneDelegate.swift */,
				DCE46393241D57EF00B8940D /* Assets.xcassets */,
				DCE46398241D57EF00B8940D /* LaunchScreen.storyboard */,
				DCE4639B241D57EF00B8940D /* Info.plist */,
				DCE46395241D57EF00B8940D /* Preview Content */,
			);
			path = "COVID-19 Stats";
			sourceTree = "<group>";
		};
		DCE46395241D57EF00B8940D /* Preview Content */ = {
			isa = PBXGroup;
			children = (
				DCE46396241D57EF00B8940D /* Preview Assets.xcassets */,
			);
			path = "Preview Content";
			sourceTree = "<group>";
		};
		DCE463A1241D57F800B8940D /* Models */ = {
			isa = PBXGroup;
			children = (
				DC840DBA241E796D003B155B /* DailyReport.swift */,
				DCE8FD7524262ADA00A164E6 /* TimeSeries.swift */,
			);
			path = Models;
			sourceTree = "<group>";
		};
/* End PBXGroup section */

/* Begin PBXNativeTarget section */
		DCE46389241D57EB00B8940D /* COVID-19 Stats */ = {
			isa = PBXNativeTarget;
			buildConfigurationList = DCE4639E241D57EF00B8940D /* Build configuration list for PBXNativeTarget "COVID-19 Stats" */;
			buildPhases = (
				DCE46386241D57EB00B8940D /* Sources */,
				DCE46387241D57EB00B8940D /* Frameworks */,
				DCE46388241D57EB00B8940D /* Resources */,
			);
			buildRules = (
			);
			dependencies = (
			);
			name = "COVID-19 Stats";
			packageProductDependencies = (
				DCA2ABD8242659EC000C9156 /* SwiftCSV */,
				DCC70E672455E68E00995453 /* SwiftFlags */,
			);
			productName = "COVID-19 Stats";
			productReference = DCE4638A241D57EB00B8940D /* COVID-19.app */;
			productType = "com.apple.product-type.application";
		};
/* End PBXNativeTarget section */

/* Begin PBXProject section */
		DCE46382241D57EB00B8940D /* Project object */ = {
			isa = PBXProject;
			attributes = {
				LastSwiftUpdateCheck = 1130;
				LastUpgradeCheck = 1130;
				ORGANIZATIONNAME = BubiDevs;
				TargetAttributes = {
					DCE46389241D57EB00B8940D = {
						CreatedOnToolsVersion = 11.3.1;
					};
				};
			};
			buildConfigurationList = DCE46385241D57EB00B8940D /* Build configuration list for PBXProject "COVID-19 Stats" */;
			compatibilityVersion = "Xcode 9.3";
			developmentRegion = en;
			hasScannedForEncodings = 0;
			knownRegions = (
				en,
				Base,
			);
			mainGroup = DCE46381241D57EB00B8940D;
			packageReferences = (
				DCA2ABD7242659EC000C9156 /* XCRemoteSwiftPackageReference "SwiftCSV" */,
				DCC70E662455E68E00995453 /* XCRemoteSwiftPackageReference "SwiftFlags" */,
			);
			productRefGroup = DCE4638B241D57EB00B8940D /* Products */;
			projectDirPath = "";
			projectRoot = "";
			targets = (
				DCE46389241D57EB00B8940D /* COVID-19 Stats */,
			);
		};
/* End PBXProject section */

/* Begin PBXResourcesBuildPhase section */
		DCE46388241D57EB00B8940D /* Resources */ = {
			isa = PBXResourcesBuildPhase;
			buildActionMask = 2147483647;
			files = (
				DCE4639A241D57EF00B8940D /* LaunchScreen.storyboard in Resources */,
				DCE46397241D57EF00B8940D /* Preview Assets.xcassets in Resources */,
				DCE46394241D57EF00B8940D /* Assets.xcassets in Resources */,
			);
			runOnlyForDeploymentPostprocessing = 0;
		};
/* End PBXResourcesBuildPhase section */

/* Begin PBXSourcesBuildPhase section */
		DCE46386241D57EB00B8940D /* Sources */ = {
			isa = PBXSourcesBuildPhase;
			buildActionMask = 2147483647;
			files = (
				DCFF89BF245742A800309AE3 /* Constants.swift in Sources */,
				DC8B7F892452F4B0007176AE /* StatsTimeSeriesViewModel.swift in Sources */,
				DCC4738E2452EED4002F2314 /* StatsTimeSeriesView.swift in Sources */,
				DC8B7F9C245324D8007176AE /* StatsFetcherError.swift in Sources */,
				DCE4638E241D57EB00B8940D /* AppDelegate.swift in Sources */,
				DCD03EB8245854A40057C566 /* Int+Extensions.swift in Sources */,
				DCE46390241D57EB00B8940D /* SceneDelegate.swift in Sources */,
				DC9B6D62241FF0120076C832 /* Date+Extensions.swift in Sources */,
				DCD03EB32458023B0057C566 /* SearchBar.swift in Sources */,
				DCC473842452DD97002F2314 /* StatsDailyReportRow.swift in Sources */,
				DC8B7F9F24533B64007176AE /* ActivityIndicator.swift in Sources */,
				DC8B7F9A24530FEE007176AE /* Sequence+Extensions.swift in Sources */,
				DCE8FD7624262ADA00A164E6 /* TimeSeries.swift in Sources */,
				DC8B7F8B2452F7C6007176AE /* StatsTimeSeriesRowViewModel.swift in Sources */,
				DCC473822452DD5F002F2314 /* StatsDailyReportView.swift in Sources */,
				DC8B7F8F2452FC5F007176AE /* StastDailyReportBuilder.swift in Sources */,
				DCE8FD7824262F5C00A164E6 /* TimeSeriesParser.swift in Sources */,
				DCC4738B2452E75F002F2314 /* StatsFetcher.swift in Sources */,
				DC840DBB241E796D003B155B /* DailyReport.swift in Sources */,
				DCC473882452DE34002F2314 /* StatsDailyReportRowViewModel.swift in Sources */,
				DC0C3716242512D4009C6CD7 /* DailyReportParser.swift in Sources */,
				DC8B7F9624530DC7007176AE /* ViewModels+Preview.swift in Sources */,
				DC8B7F8D2452F91A007176AE /* StatsTimeSeriesRow.swift in Sources */,
				DC8B7F9824530EFC007176AE /* Models+Preview.swift in Sources */,
				DCC473862452DDF7002F2314 /* StatsDailyReportViewModel.swift in Sources */,
				DC43279F242A21AC004A2822 /* DailyReportStructure.swift in Sources */,
			);
			runOnlyForDeploymentPostprocessing = 0;
		};
/* End PBXSourcesBuildPhase section */

/* Begin PBXVariantGroup section */
		DCE46398241D57EF00B8940D /* LaunchScreen.storyboard */ = {
			isa = PBXVariantGroup;
			children = (
				DCE46399241D57EF00B8940D /* Base */,
			);
			name = LaunchScreen.storyboard;
			sourceTree = "<group>";
		};
/* End PBXVariantGroup section */

/* Begin XCBuildConfiguration section */
		DCE4639C241D57EF00B8940D /* Debug */ = {
			isa = XCBuildConfiguration;
			buildSettings = {
				ALWAYS_SEARCH_USER_PATHS = NO;
				CLANG_ANALYZER_NONNULL = YES;
				CLANG_ANALYZER_NUMBER_OBJECT_CONVERSION = YES_AGGRESSIVE;
				CLANG_CXX_LANGUAGE_STANDARD = "gnu++14";
				CLANG_CXX_LIBRARY = "libc++";
				CLANG_ENABLE_MODULES = YES;
				CLANG_ENABLE_OBJC_ARC = YES;
				CLANG_ENABLE_OBJC_WEAK = YES;
				CLANG_WARN_BLOCK_CAPTURE_AUTORELEASING = YES;
				CLANG_WARN_BOOL_CONVERSION = YES;
				CLANG_WARN_COMMA = YES;
				CLANG_WARN_CONSTANT_CONVERSION = YES;
				CLANG_WARN_DEPRECATED_OBJC_IMPLEMENTATIONS = YES;
				CLANG_WARN_DIRECT_OBJC_ISA_USAGE = YES_ERROR;
				CLANG_WARN_DOCUMENTATION_COMMENTS = YES;
				CLANG_WARN_EMPTY_BODY = YES;
				CLANG_WARN_ENUM_CONVERSION = YES;
				CLANG_WARN_INFINITE_RECURSION = YES;
				CLANG_WARN_INT_CONVERSION = YES;
				CLANG_WARN_NON_LITERAL_NULL_CONVERSION = YES;
				CLANG_WARN_OBJC_IMPLICIT_RETAIN_SELF = YES;
				CLANG_WARN_OBJC_LITERAL_CONVERSION = YES;
				CLANG_WARN_OBJC_ROOT_CLASS = YES_ERROR;
				CLANG_WARN_RANGE_LOOP_ANALYSIS = YES;
				CLANG_WARN_STRICT_PROTOTYPES = YES;
				CLANG_WARN_SUSPICIOUS_MOVE = YES;
				CLANG_WARN_UNGUARDED_AVAILABILITY = YES_AGGRESSIVE;
				CLANG_WARN_UNREACHABLE_CODE = YES;
				CLANG_WARN__DUPLICATE_METHOD_MATCH = YES;
				COPY_PHASE_STRIP = NO;
				DEBUG_INFORMATION_FORMAT = dwarf;
				ENABLE_STRICT_OBJC_MSGSEND = YES;
				ENABLE_TESTABILITY = YES;
				GCC_C_LANGUAGE_STANDARD = gnu11;
				GCC_DYNAMIC_NO_PIC = NO;
				GCC_NO_COMMON_BLOCKS = YES;
				GCC_OPTIMIZATION_LEVEL = 0;
				GCC_PREPROCESSOR_DEFINITIONS = (
					"DEBUG=1",
					"$(inherited)",
				);
				GCC_WARN_64_TO_32_BIT_CONVERSION = YES;
				GCC_WARN_ABOUT_RETURN_TYPE = YES_ERROR;
				GCC_WARN_UNDECLARED_SELECTOR = YES;
				GCC_WARN_UNINITIALIZED_AUTOS = YES_AGGRESSIVE;
				GCC_WARN_UNUSED_FUNCTION = YES;
				GCC_WARN_UNUSED_VARIABLE = YES;
				IPHONEOS_DEPLOYMENT_TARGET = 13.2;
				MTL_ENABLE_DEBUG_INFO = INCLUDE_SOURCE;
				MTL_FAST_MATH = YES;
				ONLY_ACTIVE_ARCH = YES;
				SDKROOT = iphoneos;
				SWIFT_ACTIVE_COMPILATION_CONDITIONS = DEBUG;
				SWIFT_OPTIMIZATION_LEVEL = "-Onone";
			};
			name = Debug;
		};
		DCE4639D241D57EF00B8940D /* Release */ = {
			isa = XCBuildConfiguration;
			buildSettings = {
				ALWAYS_SEARCH_USER_PATHS = NO;
				CLANG_ANALYZER_NONNULL = YES;
				CLANG_ANALYZER_NUMBER_OBJECT_CONVERSION = YES_AGGRESSIVE;
				CLANG_CXX_LANGUAGE_STANDARD = "gnu++14";
				CLANG_CXX_LIBRARY = "libc++";
				CLANG_ENABLE_MODULES = YES;
				CLANG_ENABLE_OBJC_ARC = YES;
				CLANG_ENABLE_OBJC_WEAK = YES;
				CLANG_WARN_BLOCK_CAPTURE_AUTORELEASING = YES;
				CLANG_WARN_BOOL_CONVERSION = YES;
				CLANG_WARN_COMMA = YES;
				CLANG_WARN_CONSTANT_CONVERSION = YES;
				CLANG_WARN_DEPRECATED_OBJC_IMPLEMENTATIONS = YES;
				CLANG_WARN_DIRECT_OBJC_ISA_USAGE = YES_ERROR;
				CLANG_WARN_DOCUMENTATION_COMMENTS = YES;
				CLANG_WARN_EMPTY_BODY = YES;
				CLANG_WARN_ENUM_CONVERSION = YES;
				CLANG_WARN_INFINITE_RECURSION = YES;
				CLANG_WARN_INT_CONVERSION = YES;
				CLANG_WARN_NON_LITERAL_NULL_CONVERSION = YES;
				CLANG_WARN_OBJC_IMPLICIT_RETAIN_SELF = YES;
				CLANG_WARN_OBJC_LITERAL_CONVERSION = YES;
				CLANG_WARN_OBJC_ROOT_CLASS = YES_ERROR;
				CLANG_WARN_RANGE_LOOP_ANALYSIS = YES;
				CLANG_WARN_STRICT_PROTOTYPES = YES;
				CLANG_WARN_SUSPICIOUS_MOVE = YES;
				CLANG_WARN_UNGUARDED_AVAILABILITY = YES_AGGRESSIVE;
				CLANG_WARN_UNREACHABLE_CODE = YES;
				CLANG_WARN__DUPLICATE_METHOD_MATCH = YES;
				COPY_PHASE_STRIP = NO;
				DEBUG_INFORMATION_FORMAT = "dwarf-with-dsym";
				ENABLE_NS_ASSERTIONS = NO;
				ENABLE_STRICT_OBJC_MSGSEND = YES;
				GCC_C_LANGUAGE_STANDARD = gnu11;
				GCC_NO_COMMON_BLOCKS = YES;
				GCC_WARN_64_TO_32_BIT_CONVERSION = YES;
				GCC_WARN_ABOUT_RETURN_TYPE = YES_ERROR;
				GCC_WARN_UNDECLARED_SELECTOR = YES;
				GCC_WARN_UNINITIALIZED_AUTOS = YES_AGGRESSIVE;
				GCC_WARN_UNUSED_FUNCTION = YES;
				GCC_WARN_UNUSED_VARIABLE = YES;
				IPHONEOS_DEPLOYMENT_TARGET = 13.2;
				MTL_ENABLE_DEBUG_INFO = NO;
				MTL_FAST_MATH = YES;
				SDKROOT = iphoneos;
				SWIFT_COMPILATION_MODE = wholemodule;
				SWIFT_OPTIMIZATION_LEVEL = "-O";
				VALIDATE_PRODUCT = YES;
			};
			name = Release;
		};
		DCE4639F241D57EF00B8940D /* Debug */ = {
			isa = XCBuildConfiguration;
			buildSettings = {
				ASSETCATALOG_COMPILER_APPICON_NAME = AppIcon;
				CODE_SIGN_IDENTITY = "iPhone Developer";
				CODE_SIGN_STYLE = Manual;
				DEVELOPMENT_ASSET_PATHS = "\"COVID-19 Stats/Preview Content\"";
				DEVELOPMENT_TEAM = "";
				ENABLE_PREVIEWS = YES;
				INFOPLIST_FILE = "COVID-19 Stats/Info.plist";
				IPHONEOS_DEPLOYMENT_TARGET = 13.0;
				LD_RUNPATH_SEARCH_PATHS = (
					"$(inherited)",
					"@executable_path/Frameworks",
				);
				PRODUCT_BUNDLE_IDENTIFIER = net.bubidevs.Covid19Stats;
				PRODUCT_NAME = "COVID-19";
				PROVISIONING_PROFILE_SPECIFIER = "";
				SWIFT_VERSION = 5.0;
				TARGETED_DEVICE_FAMILY = "1,2";
			};
			name = Debug;
		};
		DCE463A0241D57EF00B8940D /* Release */ = {
			isa = XCBuildConfiguration;
			buildSettings = {
				ASSETCATALOG_COMPILER_APPICON_NAME = AppIcon;
				CODE_SIGN_IDENTITY = "iPhone Developer";
				CODE_SIGN_STYLE = Manual;
				DEVELOPMENT_ASSET_PATHS = "\"COVID-19 Stats/Preview Content\"";
				DEVELOPMENT_TEAM = "";
				ENABLE_PREVIEWS = YES;
				INFOPLIST_FILE = "COVID-19 Stats/Info.plist";
				IPHONEOS_DEPLOYMENT_TARGET = 13.0;
				LD_RUNPATH_SEARCH_PATHS = (
					"$(inherited)",
					"@executable_path/Frameworks",
				);
				PRODUCT_BUNDLE_IDENTIFIER = net.bubidevs.Covid19Stats;
				PRODUCT_NAME = "COVID-19";
				PROVISIONING_PROFILE_SPECIFIER = "";
				SWIFT_VERSION = 5.0;
				TARGETED_DEVICE_FAMILY = "1,2";
			};
			name = Release;
		};
/* End XCBuildConfiguration section */

/* Begin XCConfigurationList section */
		DCE46385241D57EB00B8940D /* Build configuration list for PBXProject "COVID-19 Stats" */ = {
			isa = XCConfigurationList;
			buildConfigurations = (
				DCE4639C241D57EF00B8940D /* Debug */,
				DCE4639D241D57EF00B8940D /* Release */,
			);
			defaultConfigurationIsVisible = 0;
			defaultConfigurationName = Release;
		};
		DCE4639E241D57EF00B8940D /* Build configuration list for PBXNativeTarget "COVID-19 Stats" */ = {
			isa = XCConfigurationList;
			buildConfigurations = (
				DCE4639F241D57EF00B8940D /* Debug */,
				DCE463A0241D57EF00B8940D /* Release */,
			);
			defaultConfigurationIsVisible = 0;
			defaultConfigurationName = Release;
		};
/* End XCConfigurationList section */

/* Begin XCRemoteSwiftPackageReference section */
		DCA2ABD7242659EC000C9156 /* XCRemoteSwiftPackageReference "SwiftCSV" */ = {
			isa = XCRemoteSwiftPackageReference;
			repositoryURL = "https://github.com/swiftcsv/SwiftCSV";
			requirement = {
				kind = upToNextMajorVersion;
				minimumVersion = 0.5.5;
			};
		};
		DCC70E662455E68E00995453 /* XCRemoteSwiftPackageReference "SwiftFlags" */ = {
			isa = XCRemoteSwiftPackageReference;
			repositoryURL = "https://github.com/BubiDevs/SwiftFlags";
			requirement = {
				kind = upToNextMajorVersion;
				minimumVersion = 1.1.0;
			};
		};
/* End XCRemoteSwiftPackageReference section */

/* Begin XCSwiftPackageProductDependency section */
		DCA2ABD8242659EC000C9156 /* SwiftCSV */ = {
			isa = XCSwiftPackageProductDependency;
			package = DCA2ABD7242659EC000C9156 /* XCRemoteSwiftPackageReference "SwiftCSV" */;
			productName = SwiftCSV;
		};
		DCC70E672455E68E00995453 /* SwiftFlags */ = {
			isa = XCSwiftPackageProductDependency;
			package = DCC70E662455E68E00995453 /* XCRemoteSwiftPackageReference "SwiftFlags" */;
			productName = SwiftFlags;
		};
/* End XCSwiftPackageProductDependency section */
	};
	rootObject = DCE46382241D57EB00B8940D /* Project object */;
}
