{
  "object": {
    "pins": [
      {
        "package": "SwiftCSV",
        "repositoryURL": "https://github.com/swiftcsv/SwiftCSV",
        "state": {
          "branch": null,
          "revision": "b581e5c364f5ea0f48d3073321b373afcf078bf8",
          "version": "0.5.5"
        }
      }
    ]
  },
  "version": 1
}
