{
  "object": {
    "pins": [
      {
        "package": "SwiftCSV",
        "repositoryURL": "https://github.com/swiftcsv/SwiftCSV",
        "state": {
          "branch": null,
          "revision": "8ae14758a2019fd55dc6f9b6ecbbe246bcef179f",
          "version": "0.5.6"
        }
      },
      {
        "package": "SwiftFlags",
        "repositoryURL": "https://github.com/BubiDevs/SwiftFlags",
        "state": {
          "branch": null,
          "revision": "9862d08828602e96eaafbb680ba0a53ee41c2dab",
          "version": "1.2.0"
        }
      }
    ]
  },
  "version": 1
}
